{
  "nodes": {
    "emacs-overlay": {
      "locked": {
        "lastModified": 1608682782,
        "narHash": "sha256-6cH2ym93w+g7a5hTXpZ2lfpW/lJIg5QMtXinE9FPlDY=",
        "owner": "nix-community",
        "repo": "emacs-overlay",
        "rev": "8657a83c5fd1fe080547c35a64515edb72e02129",
        "type": "github"
      },
      "original": {
        "owner": "nix-community",
        "repo": "emacs-overlay",
        "type": "github"
      }
    },
    "nixos": {
      "locked": {
        "lastModified": 1608667719,
        "narHash": "sha256-dAvhMF/qFuuZkAsp9qfOXbeoU/lXO579lQDPDteswH0=",
        "owner": "NixOS",
        "repo": "nixpkgs",
        "rev": "75714257259781fa9f6e33c1649003102dec9897",
        "type": "github"
      },
      "original": {
        "id": "nixpkgs",
        "ref": "release-20.09",
        "type": "indirect"
      }
    },
    "nixpkgs-unstable": {
      "locked": {
        "lastModified": 1608654898,
        "narHash": "sha256-f3cNDI9l15mz3o8yMf6BCltSY1sZhsSaLd81Qdjvics=",
        "owner": "NixOS",
        "repo": "nixpkgs",
        "rev": "39fe2fc4dc46fbc030c8b4e39da8a6afba4d4823",
        "type": "github"
      },
      "original": {
        "id": "nixpkgs",
        "ref": "nixpkgs-unstable",
        "type": "indirect"
      }
    },
    "root": {
      "inputs": {
        "emacs-overlay": "emacs-overlay",
        "nixos": "nixos",
        "nixpkgs-unstable": "nixpkgs-unstable"
      }
    }
  },
  "root": "root",
  "version": 7
}
