{
  "nodes": {
    "emacs-overlay": {
      "locked": {
        "lastModified": 1613969560,
        "narHash": "sha256-mUQd59dV4wdXVwiZwp7sDMaecYjvOKi+LxmxQ49QAwc=",
        "owner": "nix-community",
        "repo": "emacs-overlay",
        "rev": "d449fdece326f09803dc804006f3d68da5cfcd1b",
        "type": "github"
      },
      "original": {
        "owner": "nix-community",
        "repo": "emacs-overlay",
        "type": "github"
      }
    },
    "nixos": {
      "locked": {
        "lastModified": 1614106721,
        "narHash": "sha256-78tgP1pdirPF1kmzmQM9FRVDj8m9l/XMAVXqB5itvwU=",
        "owner": "NixOS",
        "repo": "nixpkgs",
        "rev": "85528380f1526c7ba5d1281f31f7fcb6943c34af",
        "type": "github"
      },
      "original": {
        "id": "nixpkgs",
        "ref": "release-20.09",
        "type": "indirect"
      }
    },
    "nixpkgs-unstable": {
      "locked": {
        "lastModified": 1614074016,
        "narHash": "sha256-UPmu9DW/Km5SB0BrNCLT41Q7NSY61H/zkvu0F+3T/5M=",
        "owner": "NixOS",
        "repo": "nixpkgs",
        "rev": "93a812bb9f9c398bd5b9636ab3674dcfe8cfb884",
        "type": "github"
      },
      "original": {
        "id": "nixpkgs",
        "ref": "nixpkgs-unstable",
        "type": "indirect"
      }
    },
    "root": {
      "inputs": {
        "emacs-overlay": "emacs-overlay",
        "nixos": "nixos",
        "nixpkgs-unstable": "nixpkgs-unstable"
      }
    }
  },
  "root": "root",
  "version": 7
}
