{
  "nodes": {
    "emacs-overlay": {
      "locked": {
        "lastModified": 1619716978,
        "narHash": "sha256-E3l4626vPT28TcquTtBt/c59+Jr0VqR9LNdlMnxCh+k=",
        "owner": "nix-community",
        "repo": "emacs-overlay",
        "rev": "b539c9174b79abaa2c24bd773c855b170cfa6951",
        "type": "github"
      },
      "original": {
        "owner": "nix-community",
        "repo": "emacs-overlay",
        "type": "github"
      }
    },
    "flake-utils": {
      "locked": {
        "lastModified": 1614513358,
        "narHash": "sha256-LakhOx3S1dRjnh0b5Dg3mbZyH0ToC9I8Y2wKSkBaTzU=",
        "owner": "numtide",
        "repo": "flake-utils",
        "rev": "5466c5bbece17adaab2d82fae80b46e807611bf3",
        "type": "github"
      },
      "original": {
        "owner": "numtide",
        "repo": "flake-utils",
        "type": "github"
      }
    },
    "nixos": {
      "locked": {
        "lastModified": 1619742987,
        "narHash": "sha256-/dDId1bmaS0TThtUpqkU0foyVp57U2Ue+y+i7/j+woM=",
        "owner": "NixOS",
        "repo": "nixpkgs",
        "rev": "dbc8bdf6c157107b6d58e5d34a9dafaff19108b6",
        "type": "github"
      },
      "original": {
        "id": "nixpkgs",
        "ref": "release-20.09",
        "type": "indirect"
      }
    },
    "nixpkgs": {
      "locked": {
        "lastModified": 1617325113,
        "narHash": "sha256-GksR0nvGxfZ79T91UUtWjjccxazv6Yh/MvEJ82v1Xmw=",
        "owner": "nixos",
        "repo": "nixpkgs",
        "rev": "54c1e44240d8a527a8f4892608c4bce5440c3ecb",
        "type": "github"
      },
      "original": {
        "owner": "NixOS",
        "repo": "nixpkgs",
        "type": "github"
      }
    },
    "nixpkgs-unstable": {
      "locked": {
        "lastModified": 1619705981,
        "narHash": "sha256-d17hg83ihjWAFjreBsdp7cJHVUnosdBm6nEzlqW2S6Q=",
        "owner": "NixOS",
        "repo": "nixpkgs",
        "rev": "f4c4ddae041241dc0c9d5628038826103958fdfc",
        "type": "github"
      },
      "original": {
        "id": "nixpkgs",
        "ref": "nixpkgs-unstable",
        "type": "indirect"
      }
    },
    "root": {
      "inputs": {
        "emacs-overlay": "emacs-overlay",
        "nixos": "nixos",
        "nixpkgs-unstable": "nixpkgs-unstable",
        "rust-overlay": "rust-overlay"
      }
    },
    "rust-overlay": {
      "inputs": {
        "flake-utils": "flake-utils",
        "nixpkgs": "nixpkgs"
      },
      "locked": {
        "lastModified": 1619727528,
        "narHash": "sha256-9Rjw750fdHX2HGa23pIE1DjwyPD4wc2zUuCVdw8IUbY=",
        "owner": "oxalica",
        "repo": "rust-overlay",
        "rev": "0e0dc6d953ec3cbcad39ef05b07bbaca8037c192",
        "type": "github"
      },
      "original": {
        "owner": "oxalica",
        "repo": "rust-overlay",
        "type": "github"
      }
    }
  },
  "root": "root",
  "version": 7
}
